
Microsoft Visual Studio Solution File, Format Version 12.00
# Visual Studio Version 16
VisualStudioVersion = 16.0.29411.108
MinimumVisualStudioVersion = 10.0.40219.1
Project("{FAE04EC0-301F-11D3-BF4B-00C04F79EFBC}") = "McKnight.Similization.Core", "McKnight.Similization.Core\McKnight.Similization.Core.csproj", "{5EE311DB-5026-45F3-970B-E66382FC65AA}"
EndProject
Project("{FAE04EC0-301F-11D3-BF4B-00C04F79EFBC}") = "McKnight.Similization.Server", "McKnight.Similization.Server\McKnight.Similization.Server.csproj", "{D650183F-E672-4195-8CDD-AC7582ED3221}"
EndProject
Project("{FAE04EC0-301F-11D3-BF4B-00C04F79EFBC}") = "McKnight.Similization.Client", "McKnight.Similization.Client\McKnight.Similization.Client.csproj", "{7CD9B451-E767-49A4-B506-3CCDFDE470A7}"
EndProject
Project("{FAE04EC0-301F-11D3-BF4B-00C04F79EFBC}") = "Similization Windows Client", "McKnight.Similization.Client.WindowsForms\Similization Windows Client.csproj", "{65F29D94-9128-4FF8-A4EB-AADF5D884B77}"
EndProject
Project("{FAE04EC0-301F-11D3-BF4B-00C04F79EFBC}") = "SimilizationRulesEditor", "McKnight.Similization.RulesEditor\SimilizationRulesEditor.csproj", "{A2ECEFCF-5B3C-4F84-9631-198D11FFF17B}"
EndProject
Global
	GlobalSection(SolutionConfigurationPlatforms) = preSolution
		Debug|Any CPU = Debug|Any CPU
		Release|Any CPU = Release|Any CPU
	EndGlobalSection
	GlobalSection(ProjectConfigurationPlatforms) = postSolution
		{5EE311DB-5026-45F3-970B-E66382FC65AA}.Debug|Any CPU.ActiveCfg = Debug|Any CPU
		{5EE311DB-5026-45F3-970B-E66382FC65AA}.Debug|Any CPU.Build.0 = Debug|Any CPU
		{5EE311DB-5026-45F3-970B-E66382FC65AA}.Release|Any CPU.ActiveCfg = Release|Any CPU
		{5EE311DB-5026-45F3-970B-E66382FC65AA}.Release|Any CPU.Build.0 = Release|Any CPU
		{D650183F-E672-4195-8CDD-AC7582ED3221}.Debug|Any CPU.ActiveCfg = Debug|Any CPU
		{D650183F-E672-4195-8CDD-AC7582ED3221}.Debug|Any CPU.Build.0 = Debug|Any CPU
		{D650183F-E672-4195-8CDD-AC7582ED3221}.Release|Any CPU.ActiveCfg = Release|Any CPU
		{D650183F-E672-4195-8CDD-AC7582ED3221}.Release|Any CPU.Build.0 = Release|Any CPU
		{7CD9B451-E767-49A4-B506-3CCDFDE470A7}.Debug|Any CPU.ActiveCfg = Debug|Any CPU
		{7CD9B451-E767-49A4-B506-3CCDFDE470A7}.Debug|Any CPU.Build.0 = Debug|Any CPU
		{7CD9B451-E767-49A4-B506-3CCDFDE470A7}.Release|Any CPU.ActiveCfg = Release|Any CPU
		{7CD9B451-E767-49A4-B506-3CCDFDE470A7}.Release|Any CPU.Build.0 = Release|Any CPU
		{65F29D94-9128-4FF8-A4EB-AADF5D884B77}.Debug|Any CPU.ActiveCfg = Debug|Any CPU
		{65F29D94-9128-4FF8-A4EB-AADF5D884B77}.Debug|Any CPU.Build.0 = Debug|Any CPU
		{65F29D94-9128-4FF8-A4EB-AADF5D884B77}.Release|Any CPU.ActiveCfg = Release|Any CPU
		{65F29D94-9128-4FF8-A4EB-AADF5D884B77}.Release|Any CPU.Build.0 = Release|Any CPU
		{A2ECEFCF-5B3C-4F84-9631-198D11FFF17B}.Debug|Any CPU.ActiveCfg = Debug|Any CPU
		{A2ECEFCF-5B3C-4F84-9631-198D11FFF17B}.Debug|Any CPU.Build.0 = Debug|Any CPU
		{A2ECEFCF-5B3C-4F84-9631-198D11FFF17B}.Release|Any CPU.ActiveCfg = Release|Any CPU
		{A2ECEFCF-5B3C-4F84-9631-198D11FFF17B}.Release|Any CPU.Build.0 = Release|Any CPU
	EndGlobalSection
	GlobalSection(SolutionProperties) = preSolution
		HideSolutionNode = FALSE
	EndGlobalSection
	GlobalSection(ExtensibilityGlobals) = postSolution
		SolutionGuid = {CC71915F-FD26-4C19-AD1A-69D09D8591C3}
	EndGlobalSection
EndGlobal
